PODS:
  - audioplayers (0.0.1):
    - Flutter
  - clipboard_monitor (0.0.1):
    - Flutter
  - DKImagePickerController/Core (4.3.2):
    - DKImagePickerController/ImageDataManager
    - DKImagePickerController/Resource
  - DKImagePickerController/ImageDataManager (4.3.2)
  - DKImagePickerController/PhotoGallery (4.3.2):
    - DKImagePickerController/Core
    - DKPhotoGallery
  - DKImagePickerController/Resource (4.3.2)
  - DKPhotoGallery (0.0.17):
    - DKPhotoGallery/Core (= 0.0.17)
    - DKPhotoGallery/Model (= 0.0.17)
    - DKPhotoGallery/Preview (= 0.0.17)
    - DKPhotoGallery/Resource (= 0.0.17)
    - SDWebImage
    - SwiftyGif
  - DKPhotoGallery/Core (0.0.17):
    - DKPhotoGallery/Model
    - DKPhotoGallery/Preview
    - SDWebImage
    - SwiftyGif
  - DKPhotoGallery/Model (0.0.17):
    - SDWebImage
    - SwiftyGif
  - DKPhotoGallery/Preview (0.0.17):
    - DKPhotoGallery/Model
    - DKPhotoGallery/Resource
    - SDWebImage
    - SwiftyGif
  - DKPhotoGallery/Resource (0.0.17):
    - SDWebImage
    - SwiftyGif
  - ext_storage (0.0.1):
    - Flutter
  - ext_video_player (0.0.3):
    - Flutter
  - file_picker (0.0.1):
    - DKImagePickerController/PhotoGallery
    - Flutter
  - Flutter (1.0.0)
  - flutter_ffmpeg/audio-lts (0.3.0):
    - Flutter
    - mobile-ffmpeg-audio (= 4.4.LTS)
  - mobile-ffmpeg-audio (4.4.LTS)
  - package_info (0.0.1):
    - Flutter
  - path_provider (0.0.1):
    - Flutter
  - "permission_handler (5.0.1+1)":
    - Flutter
  - SDWebImage (5.10.4):
    - SDWebImage/Core (= 5.10.4)
  - SDWebImage/Core (5.10.4)
  - share (0.0.1):
    - Flutter
  - SwiftyGif (5.4.0)
  - url_launcher (0.0.1):
    - Flutter
  - video_player (0.0.1):
    - Flutter
  - wakelock (0.0.1):
    - Flutter
  - webview_media (0.0.1):
    - Flutter

DEPENDENCIES:
  - audioplayers (from `.symlinks/plugins/audioplayers/ios`)
  - clipboard_monitor (from `.symlinks/plugins/clipboard_monitor/ios`)
  - ext_storage (from `.symlinks/plugins/ext_storage/ios`)
  - ext_video_player (from `.symlinks/plugins/ext_video_player/ios`)
  - file_picker (from `.symlinks/plugins/file_picker/ios`)
  - Flutter (from `Flutter`)
  - flutter_ffmpeg/audio-lts (from `.symlinks/plugins/flutter_ffmpeg/ios`)
  - package_info (from `.symlinks/plugins/package_info/ios`)
  - path_provider (from `.symlinks/plugins/path_provider/ios`)
  - permission_handler (from `.symlinks/plugins/permission_handler/ios`)
  - share (from `.symlinks/plugins/share/ios`)
  - url_launcher (from `.symlinks/plugins/url_launcher/ios`)
  - video_player (from `.symlinks/plugins/video_player/ios`)
  - wakelock (from `.symlinks/plugins/wakelock/ios`)
  - webview_media (from `.symlinks/plugins/webview_media/ios`)

SPEC REPOS:
  trunk:
    - DKImagePickerController
    - DKPhotoGallery
    - mobile-ffmpeg-audio
    - SDWebImage
    - SwiftyGif

EXTERNAL SOURCES:
  audioplayers:
    :path: ".symlinks/plugins/audioplayers/ios"
  clipboard_monitor:
    :path: ".symlinks/plugins/clipboard_monitor/ios"
  ext_storage:
    :path: ".symlinks/plugins/ext_storage/ios"
  ext_video_player:
    :path: ".symlinks/plugins/ext_video_player/ios"
  file_picker:
    :path: ".symlinks/plugins/file_picker/ios"
  Flutter:
    :path: Flutter
  flutter_ffmpeg:
    :path: ".symlinks/plugins/flutter_ffmpeg/ios"
  package_info:
    :path: ".symlinks/plugins/package_info/ios"
  path_provider:
    :path: ".symlinks/plugins/path_provider/ios"
  permission_handler:
    :path: ".symlinks/plugins/permission_handler/ios"
  share:
    :path: ".symlinks/plugins/share/ios"
  url_launcher:
    :path: ".symlinks/plugins/url_launcher/ios"
  video_player:
    :path: ".symlinks/plugins/video_player/ios"
  wakelock:
    :path: ".symlinks/plugins/wakelock/ios"
  webview_media:
    :path: ".symlinks/plugins/webview_media/ios"

SPEC CHECKSUMS:
  audioplayers: 84f968cea3f2deab00ec4f8ff53358b3c0b3992c
  clipboard_monitor: 4189d994f3b3891fdaad682b29add54f48287b0e
  DKImagePickerController: b5eb7f7a388e4643264105d648d01f727110fc3d
  DKPhotoGallery: fdfad5125a9fdda9cc57df834d49df790dbb4179
  ext_storage: 4eaf3a84d5594106e2ebcc2502248cfde53c8fa1
  ext_video_player: 725a141c13227c84efe4f5df259c6cf3cbf03f7d
  file_picker: 3e6c3790de664ccf9b882732d9db5eaf6b8d4eb1
  Flutter: 0e3d915762c693b495b44d77113d4970485de6ec
  flutter_ffmpeg: 657ce8a1502c3d25bf34efc58b380b248836f772
  mobile-ffmpeg-audio: 1e0a053f8a6de57114e50ff48b3a85ff1c60f902
  package_info: 873975fc26034f0b863a300ad47e7f1ac6c7ec62
  path_provider: f96fff6166a8867510d2c25fdcc346327cc4b259
  permission_handler: eac8e15b4a1a3fba55b761d19f3f4e6b005d15b6
  SDWebImage: c666b97e1fa9c64b4909816a903322018f0a9c84
  share: 0b2c3e82132f5888bccca3351c504d0003b3b410
  SwiftyGif: 5d4af95df24caf1c570dbbcb32a3b8a0763bc6d7
  url_launcher: 6fef411d543ceb26efce54b05a0a40bfd74cbbef
  video_player: 9cc823b1d9da7e8427ee591e8438bfbcde500e6e
  wakelock: bfc7955c418d0db797614075aabbc58a39ab5107
  webview_media: 33604c2c1805f41bd0c6749c4d7de24b8cb4d81d

PODFILE CHECKSUM: 8c2546b42602f5bfae0dfddc154ff83d07f66b7d

COCOAPODS: 1.10.1
